
Microsoft Visual Studio Solution File, Format Version 12.00
# Visual Studio 2013
VisualStudioVersion = 12.0.21005.1
MinimumVisualStudioVersion = 10.0.40219.1
Project("{B1E792BE-AA5F-4E3C-8C82-674BF9C0715B}") = "LCLSVacuumLib", "LCLSVacuumLib\LCLSVacuumLib.tsproj", "{02B9B8E7-2F9A-4E5A-B5EF-9C7A5533B04B}"
EndProject
Global
	GlobalSection(SubversionScc) = preSolution
		Svn-Managed = True
		Manager = AnkhSVN - Subversion Support for Visual Studio
	EndGlobalSection
	GlobalSection(SolutionConfigurationPlatforms) = preSolution
		Debug|TwinCAT RT (x86) = Debug|TwinCAT RT (x86)
		Release|TwinCAT RT (x86) = Release|TwinCAT RT (x86)
	EndGlobalSection
	GlobalSection(ProjectConfigurationPlatforms) = postSolution
		{02B9B8E7-2F9A-4E5A-B5EF-9C7A5533B04B}.Debug|TwinCAT RT (x86).ActiveCfg = Debug|TwinCAT RT (x86)
		{02B9B8E7-2F9A-4E5A-B5EF-9C7A5533B04B}.Debug|TwinCAT RT (x86).Build.0 = Debug|TwinCAT RT (x86)
		{02B9B8E7-2F9A-4E5A-B5EF-9C7A5533B04B}.Release|TwinCAT RT (x86).ActiveCfg = Release|TwinCAT RT (x86)
		{02B9B8E7-2F9A-4E5A-B5EF-9C7A5533B04B}.Release|TwinCAT RT (x86).Build.0 = Release|TwinCAT RT (x86)
		{B805B15D-E5A7-4D84-A8B9-CE65EEC82B67}.Debug|TwinCAT RT (x86).ActiveCfg = Debug|TwinCAT RT (x86)
		{B805B15D-E5A7-4D84-A8B9-CE65EEC82B67}.Debug|TwinCAT RT (x86).Build.0 = Debug|TwinCAT RT (x86)
		{B805B15D-E5A7-4D84-A8B9-CE65EEC82B67}.Release|TwinCAT RT (x86).ActiveCfg = Release|TwinCAT RT (x86)
		{B805B15D-E5A7-4D84-A8B9-CE65EEC82B67}.Release|TwinCAT RT (x86).Build.0 = Release|TwinCAT RT (x86)
	EndGlobalSection
	GlobalSection(SolutionProperties) = preSolution
		HideSolutionNode = FALSE
	EndGlobalSection
EndGlobal
